# THIS IS AN AUTOGENERATED FILE. DO NOT EDIT THIS FILE DIRECTLY.
# yarn lockfile v1


"@ant-design/colors@^5.0.0":
  version "5.0.0"
  resolved "https://registry.yarnpkg.com/@ant-design/colors/-/colors-5.0.0.tgz#46b73b4cc6935b35fc8b84555e8e42c8cfc190e6"
  integrity sha512-Pe1rYorgVC1v4f+InDXvIlQH715pO1g7BsOhy/ehX/U6ebPKqojmkYJKU3lF+84Zmvyar7ngZ28hesAa1nWjLg==
  dependencies:
    "@ctrl/tinycolor" "^3.1.6"

"@ant-design/css-animation@^1.7.2":
  version "1.7.3"
  resolved "https://registry.yarnpkg.com/@ant-design/css-animation/-/css-animation-1.7.3.tgz#60a1c970014e86b28f940510d69e503e428f1136"
  integrity sha512-LrX0OGZtW+W6iLnTAqnTaoIsRelYeuLZWsrmBJFUXDALQphPsN8cE5DCsmoSlL0QYb94BQxINiuS70Ar/8BNgA==

"@ant-design/icons-svg@^4.0.0":
  version "4.1.0"
  resolved "https://registry.yarnpkg.com/@ant-design/icons-svg/-/icons-svg-4.1.0.tgz#480b025f4b20ef7fe8f47d4a4846e4fee84ea06c"
  integrity sha512-Fi03PfuUqRs76aI3UWYpP864lkrfPo0hluwGqh7NJdLhvH4iRDc3jbJqZIvRDLHKbXrvAfPPV3+zjUccfFvWOQ==

"@ant-design/icons@^4.2.2", "@ant-design/icons@^4.3.0":
  version "4.3.0"
  resolved "https://registry.yarnpkg.com/@ant-design/icons/-/icons-4.3.0.tgz#420e0cd527486c0fe57f81310d681950fc4cfacf"
  integrity sha512-UoIbw4oz/L/msbkgqs2nls2KP7XNKScOxVR54wRrWwnXOzJaGNwwSdYjHQz+5ETf8C53YPpzMOnRX99LFCdeIQ==
  dependencies:
    "@ant-design/colors" "^5.0.0"
    "@ant-design/icons-svg" "^4.0.0"
    "@babel/runtime" "^7.11.2"
    classnames "^2.2.6"
    insert-css "^2.0.0"
    rc-util "^5.0.1"

"@ant-design/react-slick@~0.27.0":
  version "0.27.14"
  resolved "https://registry.yarnpkg.com/@ant-design/react-slick/-/react-slick-0.27.14.tgz#a1082c4734e57c7ba9c41d035375f5bf577f3b5e"
  integrity sha512-s6JVexqFmU5rs5Pm828ojtm5rCp8jDXyrc5OxEtCE2z58SIyQlkpnU9BJh98LEeBZyj02WFkGN8CWpSaD+G4PA==
  dependencies:
    "@babel/runtime" "^7.10.4"
    classnames "^2.2.5"
    json2mq "^0.2.0"
    lodash "^4.17.15"
    resize-observer-polyfill "^1.5.0"

"@babel/runtime@^7.10.1", "@babel/runtime@^7.10.2", "@babel/runtime@^7.10.4", "@babel/runtime@^7.11.1", "@babel/runtime@^7.11.2", "@babel/runtime@^7.8.4":
  version "7.12.5"
  resolved "https://registry.yarnpkg.com/@babel/runtime/-/runtime-7.12.5.tgz#410e7e487441e1b360c29be715d870d9b985882e"
  integrity sha512-plcc+hbExy3McchJCEQG3knOsuh3HH+Prx1P6cLIkET/0dLuQDEnrT+s27Axgc9bqfsmNUNHfscgMUdBpC9xfg==
  dependencies:
    regenerator-runtime "^0.13.4"

"@ctrl/tinycolor@^3.1.6":
  version "3.1.7"
  resolved "https://registry.yarnpkg.com/@ctrl/tinycolor/-/tinycolor-3.1.7.tgz#1585f67629882002a9f8e15a2941c9a4321bf80c"
  integrity sha512-/0C6fjXbCwu22k8mMsKRSAo9zgu61d2p75Or9IuIC0Vu5CWN88t2QHK93LhNnxnqHWf5SFwFU28w9cKfTmnfvg==

"@types/cookiejar@*":
  version "2.1.2"
  resolved "https://registry.yarnpkg.com/@types/cookiejar/-/cookiejar-2.1.2.tgz#66ad9331f63fe8a3d3d9d8c6e3906dd10f6446e8"
  integrity sha512-t73xJJrvdTjXrn4jLS9VSGRbz0nUY3cl2DMGDU48lKl+HR9dbbjW2A9r3g40VA++mQpy6uuHg33gy7du2BKpog==

"@types/node@*":
  version "14.14.6"
  resolved "https://registry.yarnpkg.com/@types/node/-/node-14.14.6.tgz#146d3da57b3c636cc0d1769396ce1cfa8991147f"
  integrity sha512-6QlRuqsQ/Ox/aJEQWBEJG7A9+u7oSYl3mem/K8IzxXG/kAGbV1YPD9Bg9Zw3vyxC/YP+zONKwy8hGkSt1jxFMw==

"@types/react-calendar@^3.0.0":
  version "3.1.2"
  resolved "https://registry.yarnpkg.com/@types/react-calendar/-/react-calendar-3.1.2.tgz#a8afe394aadd639cfee7f0441bc3ced4fa0092f3"
  integrity sha512-QZ8EMG2P3230GQNEMXtSJq8v8zJkJqs8xpbohMbBefYG7i1MX2YzOsDoBWF2dpq36mrkXpoNgmmeVnXIT0DYtw==

"@types/react-clock@*":
  version "3.0.0"
  resolved "https://registry.yarnpkg.com/@types/react-clock/-/react-clock-3.0.0.tgz#43226ae01da98788f7a30a435b7522aba76eaade"
  integrity sha512-I6zNSVOmzwcofYgBEtjLZq7T8RFD1QGJg3YPeqDrDUPxmuVTwOzBXU5DaeUN1SgNjQ7uUMeyUqTH/2lnxIkS2Q==

"@types/react-time-picker@^4.0.0":
  version "4.0.0"
  resolved "https://registry.yarnpkg.com/@types/react-time-picker/-/react-time-picker-4.0.0.tgz#673a16e5af70aead107c941cece6f918869b1f8a"
  integrity sha512-sNoI24NHG+Wu6Qx2X2j+ctCA2wp3HtHFKsnmAirX7EFGxxxgDs5jhZB5LIAIGIBCUgX2IQ6WIyDk5NlPcQuO7A==
  dependencies:
    "@types/react-clock" "*"

"@types/superagent@*":
  version "4.1.10"
  resolved "https://registry.yarnpkg.com/@types/superagent/-/superagent-4.1.10.tgz#5e2cc721edf58f64fe9b819f326ee74803adee86"
  integrity sha512-xAgkb2CMWUMCyVc/3+7iQfOEBE75NvuZeezvmixbUw3nmENf2tCnQkW5yQLTYqvXUQ+R6EXxdqKKbal2zM5V/g==
  dependencies:
    "@types/cookiejar" "*"
    "@types/node" "*"

"@types/supertest@^2.0.10":
  version "2.0.10"
  resolved "https://registry.yarnpkg.com/@types/supertest/-/supertest-2.0.10.tgz#630d79b4d82c73e043e43ff777a9ca98d457cab7"
  integrity sha512-Xt8TbEyZTnD5Xulw95GLMOkmjGICrOQyJ2jqgkSjAUR3mm7pAIzSR0NFBaMcwlzVvlpCjNwbATcWWwjNiZiFrQ==
  dependencies:
    "@types/superagent" "*"

"@wojtekmaj/date-utils@^1.0.0", "@wojtekmaj/date-utils@^1.0.2", "@wojtekmaj/date-utils@^1.0.3":
  version "1.0.3"
  resolved "https://registry.yarnpkg.com/@wojtekmaj/date-utils/-/date-utils-1.0.3.tgz#2dcfd92881425c5923e429c2aec86fb3609032a1"
  integrity sha512-1VPkkTBk07gMR1fjpBtse4G+oJqpmE+0gUFB0dg3VIL7qJmUVaBoD/vlzMm/jNeOPfvlmerl1lpnsZyBUFIRuw==

add-dom-event-listener@^1.1.0:
  version "1.1.0"
  resolved "https://registry.yarnpkg.com/add-dom-event-listener/-/add-dom-event-listener-1.1.0.tgz#6a92db3a0dd0abc254e095c0f1dc14acbbaae310"
  integrity sha512-WCxx1ixHT0GQU9hb0KI/mhgRQhnU+U3GvwY6ZvVjYq8rsihIGoaIOUbY0yMPBxLH5MDtr0kz3fisWGNcbWW7Jw==
  dependencies:
    object-assign "4.x"

antd@^4.8.4:
  version "4.8.4"
  resolved "https://registry.yarnpkg.com/antd/-/antd-4.8.4.tgz#48fbf35948eb44ce74263a6c7f9db70c312a3c2d"
  integrity sha512-7GlxN/WxJ3cE32echN+6cNgLkwtgU5/4UB1YSzhtENWH1cO8PHIJ+t1/Ba3tfa/BwWUHvA7ku/sKACwptqtw1g==
  dependencies:
    "@ant-design/colors" "^5.0.0"
    "@ant-design/css-animation" "^1.7.2"
    "@ant-design/icons" "^4.3.0"
    "@ant-design/react-slick" "~0.27.0"
    "@babel/runtime" "^7.11.2"
    array-tree-filter "^2.1.0"
    classnames "^2.2.6"
    copy-to-clipboard "^3.2.0"
    lodash "^4.17.20"
    moment "^2.25.3"
    omit.js "^2.0.2"
    raf "^3.4.1"
    rc-animate "~3.1.0"
    rc-cascader "~1.4.0"
    rc-checkbox "~2.3.0"
    rc-collapse "~2.0.0"
    rc-dialog "~8.4.0"
    rc-drawer "~4.1.0"
    rc-dropdown "~3.2.0"
    rc-field-form "~1.15.0"
    rc-image "~4.0.0"
    rc-input-number "~6.1.0"
    rc-mentions "~1.5.0"
    rc-menu "~8.10.0"
    rc-motion "^2.2.0"
    rc-notification "~4.5.2"
    rc-pagination "~3.1.0"
    rc-picker "~2.3.0"
    rc-progress "~3.1.0"
    rc-rate "~2.9.0"
    rc-resize-observer "^0.2.3"
    rc-select "~11.4.0"
    rc-slider "~9.6.1"
    rc-steps "~4.1.0"
    rc-switch "~3.2.0"
    rc-table "~7.11.0"
    rc-tabs "~11.7.0"
    rc-textarea "~0.3.0"
    rc-tooltip "~5.0.0"
    rc-tree "~3.11.0"
    rc-tree-select "~4.1.1"
    rc-upload "~3.3.1"
    rc-util "^5.1.0"
    scroll-into-view-if-needed "^2.2.25"
    warning "^4.0.3"

array-tree-filter@^2.1.0:
  version "2.1.0"
  resolved "https://registry.yarnpkg.com/array-tree-filter/-/array-tree-filter-2.1.0.tgz#873ac00fec83749f255ac8dd083814b4f6329190"
  integrity sha512-4ROwICNlNw/Hqa9v+rk5h22KjmzB1JGTMVKP2AKJBOCgb0yL0ASf0+YvCcLNNwquOHNX48jkeZIJ3a+oOQqKcw==

async-validator@^3.0.3:
  version "3.5.1"
  resolved "https://registry.yarnpkg.com/async-validator/-/async-validator-3.5.1.tgz#cd62b9688b2465f48420e27adb47760ab1b5559f"
  integrity sha512-DDmKA7sdSAJtTVeNZHrnr2yojfFaoeW8MfQN8CeuXg8DDQHTqKk9Fdv38dSvnesHoO8MUwMI2HphOeSyIF+wmQ==

asynckit@^0.4.0:
  version "0.4.0"
  resolved "https://registry.yarnpkg.com/asynckit/-/asynckit-0.4.0.tgz#c79ed97f7f34cb8f2ba1bc9790bcc366474b4b79"
  integrity sha1-x57Zf380y48robyXkLzDZkdLS3k=

classnames@2.x, classnames@^2.2.1, classnames@^2.2.3, classnames@^2.2.5, classnames@^2.2.6:
  version "2.2.6"
  resolved "https://registry.yarnpkg.com/classnames/-/classnames-2.2.6.tgz#43935bffdd291f326dad0a205309b38d00f650ce"
  integrity sha512-JR/iSQOSt+LQIWwrwEzJ9uk0xfN3mTVYMwt1Ir5mUcSN6pU+V4zQFFaJsclJbPuAUQH+yfWef6tm7l1quW3C8Q==

combined-stream@^1.0.8:
  version "1.0.8"
  resolved "https://registry.yarnpkg.com/combined-stream/-/combined-stream-1.0.8.tgz#c3d45a8b34fd730631a110a8a2520682b31d5a7f"
  integrity sha512-FQN4MRfuJeHf7cBbBMJFXhKSDq+2kAArBlmRBvcvFE5BB1HZKXtSFASDhdlz9zOYwxh8lDdnvmMOe/+5cdoEdg==
  dependencies:
    delayed-stream "~1.0.0"

component-emitter@^1.3.0:
  version "1.3.0"
  resolved "https://registry.yarnpkg.com/component-emitter/-/component-emitter-1.3.0.tgz#16e4070fba8ae29b679f2215853ee181ab2eabc0"
  integrity sha512-Rd3se6QB+sO1TwqZjscQrurpEPIfO0/yYnSin6Q/rD3mOutHvUrCAhJub3r90uNb+SESBuE0QYoB90YdfatsRg==

compute-scroll-into-view@^1.0.16:
  version "1.0.16"
  resolved "https://registry.yarnpkg.com/compute-scroll-into-view/-/compute-scroll-into-view-1.0.16.tgz#5b7bf4f7127ea2c19b750353d7ce6776a90ee088"
  integrity sha512-a85LHKY81oQnikatZYA90pufpZ6sQx++BoCxOEMsjpZx+ZnaKGQnCyCehTRr/1p9GBIAHTjcU9k71kSYWloLiQ==

cookiejar@^2.1.2:
  version "2.1.2"
  resolved "https://registry.yarnpkg.com/cookiejar/-/cookiejar-2.1.2.tgz#dd8a235530752f988f9a0844f3fc589e3111125c"
  integrity sha512-Mw+adcfzPxcPeI+0WlvRrr/3lGVO0bD75SxX6811cxSh1Wbxx7xZBGK1eVtDf6si8rg2lhnUjsVLMFMfbRIuwA==

copy-to-clipboard@^3.2.0:
  version "3.3.1"
  resolved "https://registry.yarnpkg.com/copy-to-clipboard/-/copy-to-clipboard-3.3.1.tgz#115aa1a9998ffab6196f93076ad6da3b913662ae"
  integrity sha512-i13qo6kIHTTpCm8/Wup+0b1mVWETvu2kIMzKoK8FpkLkFxlt0znUAHcMzox+T8sPlqtZXq3CulEjQHsYiGFJUw==
  dependencies:
    toggle-selection "^1.0.6"

date-fns@^2.15.0:
  version "2.16.1"
  resolved "https://registry.yarnpkg.com/date-fns/-/date-fns-2.16.1.tgz#05775792c3f3331da812af253e1a935851d3834b"
  integrity sha512-sAJVKx/FqrLYHAQeN7VpJrPhagZc9R4ImZIWYRFZaaohR3KzmuK88touwsSwSVT8Qcbd4zoDsnGfX4GFB4imyQ==

dayjs@^1.8.30:
  version "1.9.6"
  resolved "https://registry.yarnpkg.com/dayjs/-/dayjs-1.9.6.tgz#6f0c77d76ac1ff63720dd1197e5cb87b67943d70"
  integrity sha512-HngNLtPEBWRo8EFVmHFmSXAjtCX8rGNqeXQI0Gh7wCTSqwaKgPIDqu9m07wABVopNwzvOeCb+2711vQhDlcIXw==

debug@^4.1.1:
  version "4.2.0"
  resolved "https://registry.yarnpkg.com/debug/-/debug-4.2.0.tgz#7f150f93920e94c58f5574c2fd01a3110effe7f1"
  integrity sha512-IX2ncY78vDTjZMFUdmsvIRFY2Cf4FnD0wRs+nQwJU8Lu99/tPFdb0VybiiMTPe3I6rQmwsqQqRBvxU+bZ/I8sg==
  dependencies:
    ms "2.1.2"

delayed-stream@~1.0.0:
  version "1.0.0"
  resolved "https://registry.yarnpkg.com/delayed-stream/-/delayed-stream-1.0.0.tgz#df3ae199acadfb7d440aaae0b29e2272b24ec619"
  integrity sha1-3zrhmayt+31ECqrgsp4icrJOxhk=

detect-element-overflow@^1.2.0:
  version "1.2.0"
  resolved "https://registry.yarnpkg.com/detect-element-overflow/-/detect-element-overflow-1.2.0.tgz#86e504292ffedc3aef813395fbdf0261aaf6afa9"
  integrity sha512-Jtr9ivYPhpd9OJux+hjL0QjUKiS1Ghgy8tvIufUjFslQgIWvgGr4mn57H190APbKkiOmXnmtMI6ytaKzMusecg==

dom-align@^1.7.0:
  version "1.12.0"
  resolved "https://registry.yarnpkg.com/dom-align/-/dom-align-1.12.0.tgz#56fb7156df0b91099830364d2d48f88963f5a29c"
  integrity sha512-YkoezQuhp3SLFGdOlr5xkqZ640iXrnHAwVYcDg8ZKRUtO7mSzSC2BA5V0VuyAwPSJA4CLIc6EDDJh4bEsD2+zA==

fast-safe-stringify@^2.0.7:
  version "2.0.7"
  resolved "https://registry.yarnpkg.com/fast-safe-stringify/-/fast-safe-stringify-2.0.7.tgz#124aa885899261f68aedb42a7c080de9da608743"
  integrity sha512-Utm6CdzT+6xsDk2m8S6uL8VHxNwI6Jub+e9NYTcAms28T84pTa25GJQV9j0CY0N1rM8hK4x6grpF2BQf+2qwVA==

form-data@^3.0.0:
  version "3.0.0"
  resolved "https://registry.yarnpkg.com/form-data/-/form-data-3.0.0.tgz#31b7e39c85f1355b7139ee0c647cf0de7f83c682"
  integrity sha512-CKMFDglpbMi6PyN+brwB9Q/GOw0eAnsrEZDgcsH5Krhz5Od/haKHAX0NmQfha2zPPz0JpWzA7GJHGSnvCRLWsg==
  dependencies:
    asynckit "^0.4.0"
    combined-stream "^1.0.8"
    mime-types "^2.1.12"

formidable@^1.2.2:
  version "1.2.2"
  resolved "https://registry.yarnpkg.com/formidable/-/formidable-1.2.2.tgz#bf69aea2972982675f00865342b982986f6b8dd9"
  integrity sha512-V8gLm+41I/8kguQ4/o1D3RIHRmhYFG4pnNyonvua+40rqcEmT4+V71yaZ3B457xbbgCsCfjSPi65u/W6vK1U5Q==

get-user-locale@^1.2.0:
  version "1.4.0"
  resolved "https://registry.yarnpkg.com/get-user-locale/-/get-user-locale-1.4.0.tgz#a2c4b5da46feec9f03c9b07d197b1620490a5370"
  integrity sha512-gQo03lP1OArHLKlnoglqrGGl7b04u2EP9Xutmp72cMdtrrSD7ZgIsCsUKZynYWLDkVJW33Cj3pliP7uP0UonHQ==
  dependencies:
    lodash.once "^4.1.1"

hoist-non-react-statics@^3.3.2:
  version "3.3.2"
  resolved "https://registry.yarnpkg.com/hoist-non-react-statics/-/hoist-non-react-statics-3.3.2.tgz#ece0acaf71d62c2969c2ec59feff42a4b1a85b45"
  integrity sha512-/gGivxi8JPKWNm/W0jSmzcMPpfpPLc3dY/6GxhX2hQ9iGj3aDfklV4ET7NjKpSinLpJ5vafa9iiGIEZg10SfBw==
  dependencies:
    react-is "^16.7.0"

inherits@^2.0.3:
  version "2.0.4"
  resolved "https://registry.yarnpkg.com/inherits/-/inherits-2.0.4.tgz#0fa2c64f932917c3433a0ded55363aae37416b7c"
  integrity sha512-k/vGaX4/Yla3WzyMCvTQOXYeIHvqOKtnqBduzTHpzpQZzAskKMhZ2K+EnBiSM9zGSoIFeMpXKxa4dYeZIQqewQ==

insert-css@^2.0.0:
  version "2.0.0"
  resolved "https://registry.yarnpkg.com/insert-css/-/insert-css-2.0.0.tgz#eb5d1097b7542f4c79ea3060d3aee07d053880f4"
  integrity sha1-610Ql7dUL0x56jBg067gfQU4gPQ=

"js-tokens@^3.0.0 || ^4.0.0":
  version "4.0.0"
  resolved "https://registry.yarnpkg.com/js-tokens/-/js-tokens-4.0.0.tgz#19203fb59991df98e3a287050d4647cdeaf32499"
  integrity sha512-RdJUflcE3cUzKiMqQgsCu06FPu9UdIJO0beYbPhHN4k6apgJtifcoCtT9bcxOpYBtpD2kCM6Sbzg4CausW/PKQ==

json2mq@^0.2.0:
  version "0.2.0"
  resolved "https://registry.yarnpkg.com/json2mq/-/json2mq-0.2.0.tgz#b637bd3ba9eabe122c83e9720483aeb10d2c904a"
  integrity sha1-tje9O6nqvhIsg+lyBIOusQ0skEo=
  dependencies:
    string-convert "^0.2.0"

lodash.once@^4.1.1:
  version "4.1.1"
  resolved "https://registry.yarnpkg.com/lodash.once/-/lodash.once-4.1.1.tgz#0dd3971213c7c56df880977d504c88fb471a97ac"
  integrity sha1-DdOXEhPHxW34gJd9UEyI+0cal6w=

lodash@^4.17.15, lodash@^4.17.20:
  version "4.17.20"
  resolved "https://registry.yarnpkg.com/lodash/-/lodash-4.17.20.tgz#b44a9b6297bcb698f1c51a3545a2b3b368d59c52"
  integrity sha512-PlhdFcillOINfeV7Ni6oF1TAEayyZBoZ8bcshTHqOYJYlrqzRK5hagpagky5o4HfCzzd1TRkXPMFq6cKk9rGmA==

loose-envify@^1.0.0, loose-envify@^1.4.0:
  version "1.4.0"
  resolved "https://registry.yarnpkg.com/loose-envify/-/loose-envify-1.4.0.tgz#71ee51fa7be4caec1a63839f7e682d8132d30caf"
  integrity sha512-lyuxPGr/Wfhrlem2CL/UcnUc1zcqKAImBDzukY7Y5F/yQiNdko6+fRLevlw1HgMySw7f611UIY408EtxRSoK3Q==
  dependencies:
    js-tokens "^3.0.0 || ^4.0.0"

make-event-props@^1.1.0:
  version "1.2.0"
  resolved "https://registry.yarnpkg.com/make-event-props/-/make-event-props-1.2.0.tgz#96b87d88919533b8f8934b58b4c3d5679459a0cf"
  integrity sha512-BmWFkm/jZzVH9A0tEBdkjAARUz/eha+5IRyfOndeSMKRadkgR5DawoBHoRwLxkYmjJOI5bHkXKpaZocxj+dKgg==

merge-class-names@^1.1.1:
  version "1.3.0"
  resolved "https://registry.yarnpkg.com/merge-class-names/-/merge-class-names-1.3.0.tgz#c4cdc1a981a81dd9afc27aa4287e912a337c5dee"
  integrity sha512-k0Qaj36VBpKgdc8c188LEZvo6v/zzry/FUufwopWbMSp6/knfVFU/KIB55/hJjeIpg18IH2WskXJCRnM/1BrdQ==

methods@1.1.2, methods@^1.1.2:
  version "1.1.2"
  resolved "https://registry.yarnpkg.com/methods/-/methods-1.1.2.tgz#5529a4d67654134edcc5266656835b0f851afcee"
  integrity sha1-VSmk1nZUE07cxSZmVoNbD4Ua/O4=

mime-db@1.44.0:
  version "1.44.0"
  resolved "https://registry.yarnpkg.com/mime-db/-/mime-db-1.44.0.tgz#fa11c5eb0aca1334b4233cb4d52f10c5a6272f92"
  integrity sha512-/NOTfLrsPBVeH7YtFPgsVWveuL+4SjjYxaQ1xtM1KMFj7HdxlBlxeyNLzhyJVx7r4rZGJAZ/6lkKCitSc/Nmpg==

mime-types@^2.1.12:
  version "2.1.27"
  resolved "https://registry.yarnpkg.com/mime-types/-/mime-types-2.1.27.tgz#47949f98e279ea53119f5722e0f34e529bec009f"
  integrity sha512-JIhqnCasI9yD+SsmkquHBxTSEuZdQX5BuQnS2Vc7puQQQ+8yiP5AY5uWhpdv4YL4VM5c6iliiYWPgJ/nJQLp7w==
  dependencies:
    mime-db "1.44.0"

mime@^2.4.6:
  version "2.4.6"
  resolved "https://registry.yarnpkg.com/mime/-/mime-2.4.6.tgz#e5b407c90db442f2beb5b162373d07b69affa4d1"
  integrity sha512-RZKhC3EmpBchfTGBVb8fb+RL2cWyw/32lshnsETttkBAyAUXSGHxbEJWWRXc751DrIxG1q04b8QwMbAwkRPpUA==

mini-store@^3.0.1:
  version "3.0.6"
  resolved "https://registry.yarnpkg.com/mini-store/-/mini-store-3.0.6.tgz#44b86be5b2877271224ce0689b3a35a2dffb1ca9"
  integrity sha512-YzffKHbYsMQGUWQRKdsearR79QsMzzJcDDmZKlJBqt5JNkqpyJHYlK6gP61O36X+sLf76sO9G6mhKBe83gIZIQ==
  dependencies:
    hoist-non-react-statics "^3.3.2"
    shallowequal "^1.0.2"

moment@^2.24.0, moment@^2.25.3:
  version "2.29.1"
  resolved "https://registry.yarnpkg.com/moment/-/moment-2.29.1.tgz#b2be769fa31940be9eeea6469c075e35006fa3d3"
  integrity sha512-kHmoybcPV8Sqy59DwNDY3Jefr64lK/by/da0ViFcuA4DH0vQg5Q6Ze5VimxkfQNSC+Mls/Kx53s7TjP1RhFEDQ==

ms@2.1.2:
  version "2.1.2"
  resolved "https://registry.yarnpkg.com/ms/-/ms-2.1.2.tgz#d09d1f357b443f493382a8eb3ccd183872ae6009"
  integrity sha512-sGkPx+VjMtmA6MX27oA4FBFELFCZZ4S4XqeGOXCv68tT+jb3vk/RyaKWP0PTKyWtmLSM0b+adUTEvbs1PEaH2w==

object-assign@4.x, object-assign@^4.1.1:
  version "4.1.1"
  resolved "https://registry.yarnpkg.com/object-assign/-/object-assign-4.1.1.tgz#2109adc7965887cfc05cbbd442cac8bfbb360863"
  integrity sha1-IQmtx5ZYh8/AXLvUQsrIv7s2CGM=

omit.js@^2.0.0, omit.js@^2.0.2:
  version "2.0.2"
  resolved "https://registry.yarnpkg.com/omit.js/-/omit.js-2.0.2.tgz#dd9b8436fab947a5f3ff214cb2538631e313ec2f"
  integrity sha512-hJmu9D+bNB40YpL9jYebQl4lsTW6yEHRTroJzNLqQJYHm7c+NQnJGfZmIWh8S3q3KoaxV1aLhV6B3+0N0/kyJg==

performance-now@^2.1.0:
  version "2.1.0"
  resolved "https://registry.yarnpkg.com/performance-now/-/performance-now-2.1.0.tgz#6309f4e0e5fa913ec1c69307ae364b4b377c9e7b"
  integrity sha1-Ywn04OX6kT7BxpMHrjZLSzd8nns=

prop-types@^15.5.10, prop-types@^15.6.0:
  version "15.7.2"
  resolved "https://registry.yarnpkg.com/prop-types/-/prop-types-15.7.2.tgz#52c41e75b8c87e72b9d9360e0206b99dcbffa6c5"
  integrity sha512-8QQikdH7//R2vurIJSutZ1smHYTcLpRWEOlHnzcWHmBYrOGUysKwSsrC89BCiFj3CbrfJ/nXFdJepOVrY1GCHQ==
  dependencies:
    loose-envify "^1.4.0"
    object-assign "^4.1.1"
    react-is "^16.8.1"

qs@^6.9.4:
  version "6.9.4"
  resolved "https://registry.yarnpkg.com/qs/-/qs-6.9.4.tgz#9090b290d1f91728d3c22e54843ca44aea5ab687"
  integrity sha512-A1kFqHekCTM7cz0udomYUoYNWjBebHm/5wzU/XqrBRBNWectVH0QIiN+NEcZ0Dte5hvzHwbr8+XQmguPhJ6WdQ==

raf@^3.4.0, raf@^3.4.1:
  version "3.4.1"
  resolved "https://registry.yarnpkg.com/raf/-/raf-3.4.1.tgz#0742e99a4a6552f445d73e3ee0328af0ff1ede39"
  integrity sha512-Sq4CW4QhwOHE8ucn6J34MqtZCeWFP2aQSmrlroYgqAV1PjStIhJXxYuTgUIfkEk7zTLjmIjLmU5q+fbD1NnOJA==
  dependencies:
    performance-now "^2.1.0"

rc-align@^4.0.0:
  version "4.0.9"
  resolved "https://registry.yarnpkg.com/rc-align/-/rc-align-4.0.9.tgz#46d8801c4a139ff6a65ad1674e8efceac98f85f2"
  integrity sha512-myAM2R4qoB6LqBul0leaqY8gFaiECDJ3MtQDmzDo9xM9NRT/04TvWOYd2YHU9zvGzqk9QXF6S9/MifzSKDZeMw==
  dependencies:
    "@babel/runtime" "^7.10.1"
    classnames "2.x"
    dom-align "^1.7.0"
    rc-util "^5.3.0"
    resize-observer-polyfill "^1.5.1"

rc-animate@3.x, rc-animate@~3.1.0:
  version "3.1.1"
  resolved "https://registry.yarnpkg.com/rc-animate/-/rc-animate-3.1.1.tgz#defdd863f56816c222534e4dc68feddecd081386"
  integrity sha512-8wg2Zg3EETy0k/9kYuis30NJNQg1D6/WSQwnCiz6SvyxQXNet/rVraRz3bPngwY6rcU2nlRvoShiYOorXyF7Sg==
  dependencies:
    "@ant-design/css-animation" "^1.7.2"
    classnames "^2.2.6"
    raf "^3.4.0"
    rc-util "^4.15.3"

rc-cascader@~1.4.0:
  version "1.4.0"
  resolved "https://registry.yarnpkg.com/rc-cascader/-/rc-cascader-1.4.0.tgz#d731ea8e07433558627941036091a2820e895474"
  integrity sha512-6kgQljDQEKjVAVRkZtvvoi+2qv4u42M6oLuvt4ZDBa16r3X9ZN8TAq3atVyC840ivbGKlHT50OcdVx/iwiHc1w==
  dependencies:
    array-tree-filter "^2.1.0"
    rc-trigger "^5.0.4"
    rc-util "^5.0.1"
    warning "^4.0.1"

rc-checkbox@~2.3.0:
  version "2.3.1"
  resolved "https://registry.yarnpkg.com/rc-checkbox/-/rc-checkbox-2.3.1.tgz#2a61bc43017c783bd2e9f1a67553bf8efe7aa4d3"
  integrity sha512-i290/iTqmZ0WtI2UPIryqT9rW6O99+an4KeZIyZDH3r+Jbb6YdddaWNdzq7g5m9zaNhJvgjf//wJtC4fvve2Tg==
  dependencies:
    "@babel/runtime" "^7.10.1"
    classnames "^2.2.1"

rc-collapse@~2.0.0:
  version "2.0.1"
  resolved "https://registry.yarnpkg.com/rc-collapse/-/rc-collapse-2.0.1.tgz#99e7655acd9c237b72369a39dcb5c713451e1e92"
  integrity sha512-sRNqwQovzQoptTh7dCwj3kfxrdor2oNXrGSBz+QJxSFS7N3Ujgf8X/KlN2ElCkwBKf7nNv36t9dwH0HEku4wJg==
  dependencies:
    "@ant-design/css-animation" "^1.7.2"
    classnames "2.x"
    rc-animate "3.x"
    rc-util "^5.2.1"
    shallowequal "^1.1.0"

rc-dialog@~8.4.0:
  version "8.4.3"
  resolved "https://registry.yarnpkg.com/rc-dialog/-/rc-dialog-8.4.3.tgz#de8650ce7d1fcb6c1f7e065b94a6894b9a5a54a4"
  integrity sha512-LHsWXb+2Cy4vEOeJcPvk9M0WSr80Gi438ov5rXt3E6XB4j+53Z+vMFRr+TagnVuOVQRCLmmzT4qutfm2U1OK6w==
  dependencies:
    "@babel/runtime" "^7.10.1"
    classnames "^2.2.6"
    rc-motion "^2.3.0"
    rc-util "^5.0.1"

rc-drawer@~4.1.0:
  version "4.1.0"
  resolved "https://registry.yarnpkg.com/rc-drawer/-/rc-drawer-4.1.0.tgz#d7bf0bc030300b62d282bc04e053b9acad6b08b4"
  integrity sha512-kjeQFngPjdzAFahNIV0EvEBoIKMOnvUsAxpkSPELoD/1DuR4nLafom5ryma+TIxGwkFJ92W6yjsMi1U9aiOTeQ==
  dependencies:
    "@babel/runtime" "^7.10.1"
    classnames "^2.2.6"
    rc-util "^5.0.1"

rc-dropdown@^3.1.3, rc-dropdown@~3.2.0:
  version "3.2.0"
  resolved "https://registry.yarnpkg.com/rc-dropdown/-/rc-dropdown-3.2.0.tgz#da6c2ada403842baee3a9e909a0b1a91ba3e1090"
  integrity sha512-j1HSw+/QqlhxyTEF6BArVZnTmezw2LnSmRk6I9W7BCqNCKaRwleRmMMs1PHbuaG8dKHVqP6e21RQ7vPBLVnnNw==
  dependencies:
    "@babel/runtime" "^7.10.1"
    classnames "^2.2.6"
    rc-trigger "^5.0.4"

rc-field-form@~1.15.0:
  version "1.15.1"
  resolved "https://registry.yarnpkg.com/rc-field-form/-/rc-field-form-1.15.1.tgz#6121dc5e9557967424d38700d5336b6828203273"
  integrity sha512-V3Kfryynig7JJichGq/L8yFHpBzmWybWBtI2KjLPCX5S7nibIQPa0J8JNiHmN5kS73apjhKx1do6L7E0EILJ6Q==
  dependencies:
    "@babel/runtime" "^7.8.4"
    async-validator "^3.0.3"
    rc-util "^5.0.0"

rc-image@~4.0.0:
  version "4.0.1"
  resolved "https://registry.yarnpkg.com/rc-image/-/rc-image-4.0.1.tgz#b54534684a01dcf8cb477f5ac6dda72545a9541f"
  integrity sha512-1GxjwgtONtJjlvd7sM9VSLTAlDQhkqHI0wl72YSDpdm24w5zmDsTYLgTNh/vToFa9qAml10Gaidy03qpkTAQ+A==
  dependencies:
    "@ant-design/icons" "^4.2.2"
    "@babel/runtime" "^7.11.2"
    classnames "^2.2.6"
    rc-dialog "~8.4.0"
    rc-util "^5.0.6"

rc-input-number@~6.1.0:
  version "6.1.1"
  resolved "https://registry.yarnpkg.com/rc-input-number/-/rc-input-number-6.1.1.tgz#818c426942d1b4dc4d6d2639d741ca67773a9118"
  integrity sha512-9t2xf1G0YEism7FAXAvF1huBk7ZNABPBf6NL+3/aDL123WiT/vhhod4cldiDWTM1Yb2EDKR//ZIa546ScdsUaA==
  dependencies:
    "@babel/runtime" "^7.10.1"
    classnames "^2.2.5"
    rc-util "^5.0.1"

rc-mentions@~1.5.0:
  version "1.5.2"
  resolved "https://registry.yarnpkg.com/rc-mentions/-/rc-mentions-1.5.2.tgz#94559a369de73e7cc92f343badaf94499fb410a7"
  integrity sha512-GqV0tOtHY3pLpOsFCxJ2i6Ad8AVfxFmz0NlD/8rb8IG8pMpthJKcdfnXlNZRx3Fa9O4YEgJpdSY1WEbmlx2DWQ==
  dependencies:
    "@babel/runtime" "^7.10.1"
    classnames "^2.2.6"
    rc-menu "^8.0.1"
    rc-textarea "^0.3.0"
    rc-trigger "^5.0.4"
    rc-util "^5.0.1"

rc-menu@^8.0.1, rc-menu@^8.6.1, rc-menu@~8.10.0:
  version "8.10.0"
  resolved "https://registry.yarnpkg.com/rc-menu/-/rc-menu-8.10.0.tgz#f14ff6456073bcf29603da818774543a73e44e92"
  integrity sha512-mafcLoKtVlH9HDW52NmwenQ9vjvgxtR46NfYAexJEIUTZ9Ze2veZUkEKjhOJlzrUHEYtCoNslpqyy4iVN08Glw==
  dependencies:
    "@babel/runtime" "^7.10.1"
    classnames "2.x"
    mini-store "^3.0.1"
    omit.js "^2.0.0"
    rc-motion "^2.0.1"
    rc-trigger "^5.1.2"
    rc-util "^5.0.1"
    resize-observer-polyfill "^1.5.0"
    shallowequal "^1.1.0"

rc-motion@^2.0.0, rc-motion@^2.0.1, rc-motion@^2.2.0, rc-motion@^2.3.0:
  version "2.3.4"
  resolved "https://registry.yarnpkg.com/rc-motion/-/rc-motion-2.3.4.tgz#69fe1313754ee1e746e42ec971e361cbc755456e"
  integrity sha512-La9JjfM58Vrwds1wM9OAkRTWsGeVqNnftI1YFti2WtaA2Ernk2vjbVio9hGbzhF0EvGrEvrzS96Mx/6lGT6Z0w==
  dependencies:
    "@babel/runtime" "^7.11.1"
    classnames "^2.2.1"
    rc-util "^5.2.1"

rc-notification@~4.5.2:
  version "4.5.4"
  resolved "https://registry.yarnpkg.com/rc-notification/-/rc-notification-4.5.4.tgz#1292e163003db4b9162c856a4630e5d0f1359356"
  integrity sha512-VsN0ouF4uglE5g3C9oDsXLNYX0Sz++ZNUFYCswkxhpImYJ9u6nJOpyA71uOYDVCu6bAF54Y5Hi/b+EcnMzkepg==
  dependencies:
    "@babel/runtime" "^7.10.1"
    classnames "2.x"
    rc-motion "^2.2.0"
    rc-util "^5.0.1"

rc-pagination@~3.1.0:
  version "3.1.2"
  resolved "https://registry.yarnpkg.com/rc-pagination/-/rc-pagination-3.1.2.tgz#ab5eacd9c51f869e350d2245064babe91bc1f046"
  integrity sha512-KbJvkTvRiD51vTIAi0oTARPUHNb0iV6njbDBe8yLkc3PWYDJaszASfuss6YJ98EIxEeGzuEk6xsUAEKWRJgz2g==
  dependencies:
    "@babel/runtime" "^7.10.1"
    classnames "^2.2.1"

rc-picker@~2.3.0:
  version "2.3.4"
  resolved "https://registry.yarnpkg.com/rc-picker/-/rc-picker-2.3.4.tgz#3c42f54b6389e205b0ce0b8257e380864429192d"
  integrity sha512-UdeqTzR9E5KHOGMjWfsMpE3VU+3VR3J5/wMrwuIRmL8orv9Tm+Gew3NPfs7djcuTrfnu+hL+lwCWp7VftZcSng==
  dependencies:
    "@babel/runtime" "^7.10.1"
    classnames "^2.2.1"
    date-fns "^2.15.0"
    dayjs "^1.8.30"
    moment "^2.24.0"
    rc-trigger "^5.0.4"
    rc-util "^5.4.0"
    shallowequal "^1.1.0"

rc-progress@~3.1.0:
  version "3.1.1"
  resolved "https://registry.yarnpkg.com/rc-progress/-/rc-progress-3.1.1.tgz#f7ba5eb33cc438862513ab5a71739feaf6b3ef4f"
  integrity sha512-1ns3pW7ll9bHfdXtlVLF+vngdvlxiCDtiqwXnZFEdurst11JTiPxVdeqnCNbhWx5hP4kCKkAPqG1N0FVfTSUGA==
  dependencies:
    "@babel/runtime" "^7.10.1"
    classnames "^2.2.6"

rc-rate@~2.9.0:
  version "2.9.1"
  resolved "https://registry.yarnpkg.com/rc-rate/-/rc-rate-2.9.1.tgz#e43cb95c4eb90a2c1e0b16ec6614d8c43530a731"
  integrity sha512-MmIU7FT8W4LYRRHJD1sgG366qKtSaKb67D0/vVvJYR0lrCuRrCiVQ5qhfT5ghVO4wuVIORGpZs7ZKaYu+KMUzA==
  dependencies:
    "@babel/runtime" "^7.10.1"
    classnames "^2.2.5"
    rc-util "^5.0.1"

rc-resize-observer@^0.2.0, rc-resize-observer@^0.2.1, rc-resize-observer@^0.2.3:
  version "0.2.6"
  resolved "https://registry.yarnpkg.com/rc-resize-observer/-/rc-resize-observer-0.2.6.tgz#c1b642f6d1293e34c4e3715f47f69443a167b825"
  integrity sha512-YX6nYnd6fk7zbuvT6oSDMKiZjyngjHoy+fz+vL3Tez38d/G5iGdaDJa2yE7345G6sc4Mm1IGRUIwclvltddhmA==
  dependencies:
    "@babel/runtime" "^7.10.1"
    classnames "^2.2.1"
    rc-util "^5.0.0"
    resize-observer-polyfill "^1.5.1"

rc-select@^11.1.1:
  version "11.5.0"
  resolved "https://registry.yarnpkg.com/rc-select/-/rc-select-11.5.0.tgz#360d2762207c2fef2622e7fcc542fc94dfc9d10f"
  integrity sha512-izVcxMMo64ZbuYDaB+zsybPjli5Ub6fKM4OeChDqn4MwrHnPjCEsO3bXjeSEXK2LCC2DXQAdr1oYvHGw9QAGVw==
  dependencies:
    "@babel/runtime" "^7.10.1"
    classnames "2.x"
    rc-motion "^2.0.1"
    rc-trigger "^5.0.4"
    rc-util "^5.0.1"
    rc-virtual-list "^3.2.0"
    warning "^4.0.3"

rc-select@~11.4.0:
  version "11.4.2"
  resolved "https://registry.yarnpkg.com/rc-select/-/rc-select-11.4.2.tgz#5b431ee7b2cc6e439886ca855774fc116e6fe6fb"
  integrity sha512-DQHYwMcvAajnnlahKkYIW47AVTXgxpGj9CWbe+juXgvxawQRFUdd8T8L2Q05aOkMy02UTG0Qrs7EZfHmn5QHbA==
  dependencies:
    "@babel/runtime" "^7.10.1"
    classnames "2.x"
    rc-motion "^2.0.1"
    rc-trigger "^5.0.4"
    rc-util "^5.0.1"
    rc-virtual-list "^3.2.0"
    warning "^4.0.3"

rc-slider@~9.6.1:
  version "9.6.3"
  resolved "https://registry.yarnpkg.com/rc-slider/-/rc-slider-9.6.3.tgz#7bf8bc8581ae14ed7130d6a7edda3bb3a1b0deba"
  integrity sha512-qLEDQ6FKPDmzWgF7WQ8otf41z53YKSgiSeoec50H1IMz7xLwwXX9+luDYI08br3x8i6u8jIZtggN5RD1ftKnhw==
  dependencies:
    "@babel/runtime" "^7.10.1"
    classnames "^2.2.5"
    rc-tooltip "^5.0.1"
    rc-util "^5.0.0"
    shallowequal "^1.1.0"

rc-steps@~4.1.0:
  version "4.1.3"
  resolved "https://registry.yarnpkg.com/rc-steps/-/rc-steps-4.1.3.tgz#208580e22db619e3830ddb7fa41bc886c65d9803"
  integrity sha512-GXrMfWQOhN3sVze3JnzNboHpQdNHcdFubOETUHyDpa/U3HEKBZC3xJ8XK4paBgF4OJ3bdUVLC+uBPc6dCxvDYA==
  dependencies:
    "@babel/runtime" "^7.10.2"
    classnames "^2.2.3"
    rc-util "^5.0.1"

rc-switch@~3.2.0:
  version "3.2.2"
  resolved "https://registry.yarnpkg.com/rc-switch/-/rc-switch-3.2.2.tgz#d001f77f12664d52595b4f6fb425dd9e66fba8e8"
  integrity sha512-+gUJClsZZzvAHGy1vZfnwySxj+MjLlGRyXKXScrtCTcmiYNPzxDFOxdQ/3pK1Kt/0POvwJ/6ALOR8gwdXGhs+A==
  dependencies:
    "@babel/runtime" "^7.10.1"
    classnames "^2.2.1"
    rc-util "^5.0.1"

rc-table@~7.11.0:
  version "7.11.2"
  resolved "https://registry.yarnpkg.com/rc-table/-/rc-table-7.11.2.tgz#07fde8e6323e27c6ed3f534a35dae413e8212d51"
  integrity sha512-srOWkqgDQU6OA+gpc4MsaZXFw6TRC9NizbytvFCAg+Ra06cOVnD+MVYimAnjM9GeTPHgU+yc17xr/VkUYCRbYQ==
  dependencies:
    "@babel/runtime" "^7.10.1"
    classnames "^2.2.5"
    rc-resize-observer "^0.2.0"
    rc-util "^5.4.0"
    shallowequal "^1.1.0"

rc-tabs@~11.7.0:
  version "11.7.1"
  resolved "https://registry.yarnpkg.com/rc-tabs/-/rc-tabs-11.7.1.tgz#c23fc53e59bd8b7250818a1a29bca1896450d79b"
  integrity sha512-ZLQ5ou70j32GKcOKRZvd5JQZOJhcDy62dr9kqiWDvt6g5v8LkpxIGAc0dWtCWOEWkO/QezwuNqWufMborkfrnQ==
  dependencies:
    "@babel/runtime" "^7.11.2"
    classnames "2.x"
    raf "^3.4.1"
    rc-dropdown "^3.1.3"
    rc-menu "^8.6.1"
    rc-resize-observer "^0.2.1"
    rc-util "^5.5.0"

rc-textarea@^0.3.0, rc-textarea@~0.3.0:
  version "0.3.1"
  resolved "https://registry.yarnpkg.com/rc-textarea/-/rc-textarea-0.3.1.tgz#e81e1ef6f0e29729f9f80bb266cf6769dd7ab69a"
  integrity sha512-bO5Ol5uD6A++aWI6BJ0Pa/8OZcGeacP9LxIGkUqkCwPyOG3kaLOsWb8ya4xCfrsC2P4vDTsHsJmmmG5wuXGFRg==
  dependencies:
    "@babel/runtime" "^7.10.1"
    classnames "^2.2.1"
    omit.js "^2.0.0"
    rc-resize-observer "^0.2.3"

rc-tooltip@^5.0.1, rc-tooltip@~5.0.0:
  version "5.0.1"
  resolved "https://registry.yarnpkg.com/rc-tooltip/-/rc-tooltip-5.0.1.tgz#b82c4259604d2cb62ca610ed7932dd37fc6ef61d"
  integrity sha512-3AnxhUS0j74xAV3khrKw8o6rg+Ima3nw09DJBezMPnX3ImQUAnayWsPSlN1mEnihjA43rcFkGM1emiKE+CXyMQ==
  dependencies:
    "@babel/runtime" "^7.11.2"
    rc-trigger "^5.0.0"

rc-tree-select@~4.1.1:
  version "4.1.3"
  resolved "https://registry.yarnpkg.com/rc-tree-select/-/rc-tree-select-4.1.3.tgz#1f88b7bf46652f9962ce425f8760a8f891fb5b78"
  integrity sha512-vk/T1vHNvuBZyoq8CvOF6iaiyVe6Y8QmQflTYFgabVsTJ1d/obkO9tAXOvJELZgKJ9ljduDVaAZAgcq0Yap+mg==
  dependencies:
    "@babel/runtime" "^7.10.1"
    classnames "2.x"
    rc-select "^11.1.1"
    rc-tree "^3.8.0"
    rc-util "^5.0.5"

rc-tree@^3.8.0, rc-tree@~3.11.0:
  version "3.11.0"
  resolved "https://registry.yarnpkg.com/rc-tree/-/rc-tree-3.11.0.tgz#87edf01842bd88a05519e30dd7312bee3f7e2618"
  integrity sha512-3RxA6fckbzX7WOk7g4gvO6AOad0znc8QW2nsv1IXSiljQaIMiyx1AK0zhzIEtABgWKbIs9QkhnBvIAHS4Rn9LA==
  dependencies:
    "@babel/runtime" "^7.10.1"
    classnames "2.x"
    rc-motion "^2.0.1"
    rc-util "^5.0.0"
    rc-virtual-list "^3.0.1"

rc-trigger@^5.0.0, rc-trigger@^5.0.4, rc-trigger@^5.1.2:
  version "5.1.2"
  resolved "https://registry.yarnpkg.com/rc-trigger/-/rc-trigger-5.1.2.tgz#f0f89bba2318699e704492bddb20506ecd8f8916"
  integrity sha512-A6UdDy95masAEIaNmazPtqHW1EOFDWi2C2bJGDpr9OYpmObDpWKdxyNijVbFb6l1viTkAU9d3FyStgNPddgFzw==
  dependencies:
    "@babel/runtime" "^7.11.2"
    classnames "^2.2.6"
    rc-align "^4.0.0"
    rc-motion "^2.0.0"
    rc-util "^5.5.0"

rc-upload@~3.3.1:
  version "3.3.1"
  resolved "https://registry.yarnpkg.com/rc-upload/-/rc-upload-3.3.1.tgz#ad8658b2a796031930b35d2b07ab312b7cd4c9ed"
  integrity sha512-KWkJbVM9BwU8qi/2jZwmZpAcdRzDkuyfn/yAOLu+nm47dyd6//MtxzQD3XZDFkC6jQ6D5FmlKn6DhmOfV3v43w==
  dependencies:
    "@babel/runtime" "^7.10.1"
    classnames "^2.2.5"
    rc-util "^5.2.0"

rc-util@^4.15.3:
  version "4.21.1"
  resolved "https://registry.yarnpkg.com/rc-util/-/rc-util-4.21.1.tgz#88602d0c3185020aa1053d9a1e70eac161becb05"
  integrity sha512-Z+vlkSQVc1l8O2UjR3WQ+XdWlhj5q9BMQNLk2iOBch75CqPfrJyGtcWMcnhRlNuDu0Ndtt4kLVO8JI8BrABobg==
  dependencies:
    add-dom-event-listener "^1.1.0"
    prop-types "^15.5.10"
    react-is "^16.12.0"
    react-lifecycles-compat "^3.0.4"
    shallowequal "^1.1.0"

rc-util@^5.0.0, rc-util@^5.0.1, rc-util@^5.0.5, rc-util@^5.0.6, rc-util@^5.0.7, rc-util@^5.1.0, rc-util@^5.2.0, rc-util@^5.2.1, rc-util@^5.3.0, rc-util@^5.4.0, rc-util@^5.5.0:
  version "5.5.0"
  resolved "https://registry.yarnpkg.com/rc-util/-/rc-util-5.5.0.tgz#76321bcb5c12f01f42bff9b971f170ff19506e5a"
  integrity sha512-YJB+zZGvCll/bhxXRVLAekr7lOvTgqMlRIhgINoINfUek7wQvi5sft46NOi3yYUYhocpuW4k8+5okW46sBsZAQ==
  dependencies:
    react-is "^16.12.0"
    shallowequal "^1.1.0"

rc-virtual-list@^3.0.1, rc-virtual-list@^3.2.0:
  version "3.2.2"
  resolved "https://registry.yarnpkg.com/rc-virtual-list/-/rc-virtual-list-3.2.2.tgz#95f8f0c4238e081f4a998354492632eed6d71924"
  integrity sha512-OepvZDQGUbQQBFk5m2Ds32rfO/tSj9gZkLbzwaIw/hwGgvatDmW+j97YQvFkUQp/XDgdSGcfFfj/6XTKpz0J4g==
  dependencies:
    classnames "^2.2.6"
    rc-resize-observer "^0.2.3"
    rc-util "^5.0.7"

react-calendar@^3.0.0:
  version "3.2.1"
  resolved "https://registry.yarnpkg.com/react-calendar/-/react-calendar-3.2.1.tgz#056cbb5f30463f2162380a3632d9e851f501d8bf"
  integrity sha512-nuS2o4FLGdVSNLniP3JatbYDSgp4hVRG2lWFmhx79qwm+XawmziF3aOjixCW6pxdBU36CagvGaGukKTfPfOOwg==
  dependencies:
    "@wojtekmaj/date-utils" "^1.0.2"
    get-user-locale "^1.2.0"
    merge-class-names "^1.1.1"
    prop-types "^15.6.0"

react-clock@^2.3.0:
  version "2.4.0"
  resolved "https://registry.yarnpkg.com/react-clock/-/react-clock-2.4.0.tgz#39540f84e16f8b2c2137640f535c162041bd2a1e"
  integrity sha512-BlzkzbhLEzLwdqtl+PAPvzMhRvg4xyxsiQnGpb+ZzL4YY5iFQgJa7C48EUGhbpnTtNwyMuaBG4KeYmUuUlTQUQ==
  dependencies:
    merge-class-names "^1.1.1"
    prop-types "^15.6.0"

react-date-picker@^8.0.3:
  version "8.0.3"
  resolved "https://registry.yarnpkg.com/react-date-picker/-/react-date-picker-8.0.3.tgz#6814e3b5f8ce0ffa9e12bbc932ab852389c56b11"
  integrity sha512-X6uy0VSgW9uqYk2IaB8Y+a7IRD8JBY0Pl9kwxWepp838+ykcy/roXKZUEuW7VYQ+QUy3Vo5zUEKmeUxo56sw/A==
  dependencies:
    "@types/react-calendar" "^3.0.0"
    "@wojtekmaj/date-utils" "^1.0.3"
    get-user-locale "^1.2.0"
    make-event-props "^1.1.0"
    merge-class-names "^1.1.1"
    prop-types "^15.6.0"
    react-calendar "^3.0.0"
    react-fit "^1.0.3"
    update-input-width "^1.1.1"

react-fit@^1.0.3:
  version "1.3.1"
  resolved "https://registry.yarnpkg.com/react-fit/-/react-fit-1.3.1.tgz#850cb5d554fdfa4b27891f62a9d290d3e7eda57b"
  integrity sha512-MmVk/SXyVbxiz9peAeD7fWxFdGLoy/sCxte01M3w74regPIVkLqc2yT0wUAGRd1MNP1fQ40MqYKNBLpbK/aI1w==
  dependencies:
    detect-element-overflow "^1.2.0"
    prop-types "^15.6.0"

react-is@^16.12.0, react-is@^16.7.0, react-is@^16.8.1:
  version "16.13.1"
  resolved "https://registry.yarnpkg.com/react-is/-/react-is-16.13.1.tgz#789729a4dc36de2999dc156dd6c1d9c18cea56a4"
  integrity sha512-24e6ynE2H+OKt4kqsOvNd8kBpV65zoxbA4BVsEOB3ARVWQki/DHzaUoC5KuON/BiccDaCCTZBuOcfZs70kR8bQ==

react-lifecycles-compat@^3.0.4:
  version "3.0.4"
  resolved "https://registry.yarnpkg.com/react-lifecycles-compat/-/react-lifecycles-compat-3.0.4.tgz#4f1a273afdfc8f3488a8c516bfda78f872352362"
  integrity sha512-fBASbA6LnOU9dOU2eW7aQ8xmYBSXUIWr+UmF9b1efZBazGNO+rcXT/icdKnYm2pTwcRylVUYwW7H1PHfLekVzA==

react-time-picker@^4.0.1:
  version "4.0.1"
  resolved "https://registry.yarnpkg.com/react-time-picker/-/react-time-picker-4.0.1.tgz#ec3ee385377c8c6c8271a2dd1178452f6b11ad84"
  integrity sha512-qnZDlXXF6AItplelYXMUsHar05VevaYY+SuKIacTZ5YJwyj74ZpScHkolNvcJgo6YYzdX1QC6iNprzcuPHYt7Q==
  dependencies:
    "@wojtekmaj/date-utils" "^1.0.0"
    get-user-locale "^1.2.0"
    make-event-props "^1.1.0"
    merge-class-names "^1.1.1"
    prop-types "^15.6.0"
    react-clock "^2.3.0"
    react-fit "^1.0.3"
    update-input-width "^1.1.1"

readable-stream@^3.6.0:
  version "3.6.0"
  resolved "https://registry.yarnpkg.com/readable-stream/-/readable-stream-3.6.0.tgz#337bbda3adc0706bd3e024426a286d4b4b2c9198"
  integrity sha512-BViHy7LKeTz4oNnkcLJ+lVSL6vpiFeX6/d3oSH8zCW7UxP2onchk+vTGB143xuFjHS3deTgkKoXXymXqymiIdA==
  dependencies:
    inherits "^2.0.3"
    string_decoder "^1.1.1"
    util-deprecate "^1.0.1"

regenerator-runtime@^0.13.4:
  version "0.13.7"
  resolved "https://registry.yarnpkg.com/regenerator-runtime/-/regenerator-runtime-0.13.7.tgz#cac2dacc8a1ea675feaabaeb8ae833898ae46f55"
  integrity sha512-a54FxoJDIr27pgf7IgeQGxmqUNYrcV338lf/6gH456HZ/PhX+5BcwHXG9ajESmwe6WRO0tAzRUrRmNONWgkrew==

resize-observer-polyfill@^1.5.0, resize-observer-polyfill@^1.5.1:
  version "1.5.1"
  resolved "https://registry.yarnpkg.com/resize-observer-polyfill/-/resize-observer-polyfill-1.5.1.tgz#0e9020dd3d21024458d4ebd27e23e40269810464"
  integrity sha512-LwZrotdHOo12nQuZlHEmtuXdqGoOD0OhaxopaNFxWzInpEgaLWoVuAMbTzixuosCx2nEG58ngzW3vxdWoxIgdg==

safe-buffer@~5.2.0:
  version "5.2.1"
  resolved "https://registry.yarnpkg.com/safe-buffer/-/safe-buffer-5.2.1.tgz#1eaf9fa9bdb1fdd4ec75f58f9cdb4e6b7827eec6"
  integrity sha512-rp3So07KcdmmKbGvgaNxQSJr7bGVSVk5S9Eq1F+ppbRo70+YeaDxkw5Dd8NPN+GD6bjnYm2VuPuCXmpuYvmCXQ==

scroll-into-view-if-needed@^2.2.25:
  version "2.2.26"
  resolved "https://registry.yarnpkg.com/scroll-into-view-if-needed/-/scroll-into-view-if-needed-2.2.26.tgz#e4917da0c820135ff65ad6f7e4b7d7af568c4f13"
  integrity sha512-SQ6AOKfABaSchokAmmaxVnL9IArxEnLEX9j4wAZw+x4iUTb40q7irtHG3z4GtAWz5veVZcCnubXDBRyLVQaohw==
  dependencies:
    compute-scroll-into-view "^1.0.16"

semver@^7.3.2:
  version "7.3.2"
  resolved "https://registry.yarnpkg.com/semver/-/semver-7.3.2.tgz#604962b052b81ed0786aae84389ffba70ffd3938"
  integrity sha512-OrOb32TeeambH6UrhtShmF7CRDqhL6/5XpPNp2DuRH6+9QLw/orhp72j87v8Qa1ScDkvrrBNpZcDejAirJmfXQ==

shallowequal@^1.0.2, shallowequal@^1.1.0:
  version "1.1.0"
  resolved "https://registry.yarnpkg.com/shallowequal/-/shallowequal-1.1.0.tgz#188d521de95b9087404fd4dcb68b13df0ae4e7f8"
  integrity sha512-y0m1JoUZSlPAjXVtPPW70aZWfIL/dSP7AFkRnniLCrK/8MDKog3TySTBmckD+RObVxH0v4Tox67+F14PdED2oQ==

string-convert@^0.2.0:
  version "0.2.1"
  resolved "https://registry.yarnpkg.com/string-convert/-/string-convert-0.2.1.tgz#6982cc3049fbb4cd85f8b24568b9d9bf39eeff97"
  integrity sha1-aYLMMEn7tM2F+LJFaLnZvznu/5c=

string_decoder@^1.1.1:
  version "1.3.0"
  resolved "https://registry.yarnpkg.com/string_decoder/-/string_decoder-1.3.0.tgz#42f114594a46cf1a8e30b0a84f56c78c3edac21e"
  integrity sha512-hkRX8U1WjJFd8LsDJ2yQ/wWWxaopEsABU1XfkM8A+j0+85JAGppt16cr1Whg6KIbb4okU6Mql6BOj+uup/wKeA==
  dependencies:
    safe-buffer "~5.2.0"

superagent@6.1.0:
  version "6.1.0"
  resolved "https://registry.yarnpkg.com/superagent/-/superagent-6.1.0.tgz#09f08807bc41108ef164cfb4be293cebd480f4a6"
  integrity sha512-OUDHEssirmplo3F+1HWKUrUjvnQuA+nZI6i/JJBdXb5eq9IyEQwPyPpqND+SSsxf6TygpBEkUjISVRN4/VOpeg==
  dependencies:
    component-emitter "^1.3.0"
    cookiejar "^2.1.2"
    debug "^4.1.1"
    fast-safe-stringify "^2.0.7"
    form-data "^3.0.0"
    formidable "^1.2.2"
    methods "^1.1.2"
    mime "^2.4.6"
    qs "^6.9.4"
    readable-stream "^3.6.0"
    semver "^7.3.2"

supertest@^6.0.1:
  version "6.0.1"
  resolved "https://registry.yarnpkg.com/supertest/-/supertest-6.0.1.tgz#f6b54370de85c45d6557192c8d7df604ca2c9e18"
  integrity sha512-8yDNdm+bbAN/jeDdXsRipbq9qMpVF7wRsbwLgsANHqdjPsCoecmlTuqEcLQMGpmojFBhxayZ0ckXmLXYq7e+0g==
  dependencies:
    methods "1.1.2"
    superagent "6.1.0"

toggle-selection@^1.0.6:
  version "1.0.6"
  resolved "https://registry.yarnpkg.com/toggle-selection/-/toggle-selection-1.0.6.tgz#6e45b1263f2017fa0acc7d89d78b15b8bf77da32"
  integrity sha1-bkWxJj8gF/oKzH2J14sVuL932jI=

update-input-width@^1.1.1:
  version "1.2.1"
  resolved "https://registry.yarnpkg.com/update-input-width/-/update-input-width-1.2.1.tgz#769d6182413590c3b50b52ffa9c65d79e2c17f95"
  integrity sha512-zygDshqDb2C2/kgfoD423n5htv/3OBF7aTaz2u2zZy998EJki8njOHOeZjKEd8XSYeDziIX1JXfMsKaIRJeJ/Q==

util-deprecate@^1.0.1:
  version "1.0.2"
  resolved "https://registry.yarnpkg.com/util-deprecate/-/util-deprecate-1.0.2.tgz#450d4dc9fa70de732762fbd2d4a28981419a0ccf"
  integrity sha1-RQ1Nyfpw3nMnYvvS1KKJgUGaDM8=

warning@^4.0.1, warning@^4.0.3:
  version "4.0.3"
  resolved "https://registry.yarnpkg.com/warning/-/warning-4.0.3.tgz#16e9e077eb8a86d6af7d64aa1e05fd85b4678ca3"
  integrity sha512-rpJyN222KWIvHJ/F53XSZv0Zl/accqHR8et1kpaMTD/fLCRxtV8iX8czMzY7sVZupTI3zcUTg8eycS2kNF9l6w==
  dependencies:
    loose-envify "^1.0.0"
